GEM
  remote: https://rubygems.org/
  specs:
    activemodel (3.0.20)
      activesupport (= 3.0.20)
      builder (~> 2.1.2)
      i18n (~> 0.5.0)
    activerecord (3.0.20)
      activemodel (= 3.0.20)
      activesupport (= 3.0.20)
      arel (~> 2.0.10)
      tzinfo (~> 0.3.23)
    activesupport (3.0.20)
    appraisal (0.5.2)
      bundler
      rake
    arel (2.0.10)
    bcrypt-ruby (3.0.1-java)
    builder (2.1.2)
    docile (1.1.5)
    i18n (0.5.4)
    metaclass (0.0.4)
    mocha (0.13.3)
      metaclass (~> 0.0.1)
    multi_json (1.10.1)
    rake (10.4.2)
    simplecov (0.9.1)
      docile (~> 1.1.0)
      multi_json (~> 1.0)
      simplecov-html (~> 0.8.0)
    simplecov-html (0.8.0)
    test-unit (2.5.5)
    test-unit-context (0.4.0)
      test-unit (>= 2.4.0)
    thread_safe (0.3.4-java)
    tzinfo (0.3.41)

PLATFORMS
  java

DEPENDENCIES
  activerecord (~> 3.0.20)
  appraisal (~> 0.5.2)
  bcrypt-ruby (~> 3.0.0)
  mocha (~> 0.13.1)
  mysql2
  pg
  rake (~> 10.4.2)
  simplecov
  sqlite3
  test-unit (~> 2.5.4)
  test-unit-context (>= 0.4.0)
  thread_safe
