GEM
  remote: https://rubygems.org/
  specs:
    activemodel (5.0.0.beta4)
      activesupport (= 5.0.0.beta4)
    activerecord (5.0.0.beta4)
      activemodel (= 5.0.0.beta4)
      activesupport (= 5.0.0.beta4)
      arel (~> 7.0)
    activesupport (5.0.0.beta4)
      concurrent-ruby (~> 1.0)
      i18n (~> 0.7)
      minitest (~> 5.1)
      tzinfo (~> 1.1)
    appraisal (0.5.2)
      bundler
      rake
    arel (7.0.0)
    bcrypt-ruby (3.0.1-java)
    concurrent-ruby (1.0.1-java)
    i18n (0.7.0)
    metaclass (0.0.4)
    minitest (5.8.4)
    mocha (0.13.3)
      metaclass (~> 0.0.1)
    rake (10.4.2)
    test-unit (2.5.5)
    test-unit-context (0.5.1)
      test-unit (>= 2.4.0)
    thread_safe (0.3.5-java)
    tzinfo (1.2.2)
      thread_safe (~> 0.1)

PLATFORMS
  java

DEPENDENCIES
  activerecord (~> 5.0.0.beta4)
  appraisal (~> 0.5.2)
  bcrypt-ruby (~> 3.0.0)
  mocha (~> 0.13.1)
  mysql2 (< 0.4)
  pg
  rake (~> 10.4.2)
  sqlite3
  test-unit (~> 2.5.4)
  test-unit-context (>= 0.4.0)
  thread_safe

BUNDLED WITH
   1.11.2
