GEM
  remote: https://rubygems.org/
  specs:
    activemodel (4.2.8)
      activesupport (= 4.2.8)
      builder (~> 3.1)
    activerecord (4.2.8)
      activemodel (= 4.2.8)
      activesupport (= 4.2.8)
      arel (~> 6.0)
    activesupport (4.2.8)
      i18n (~> 0.7)
      minitest (~> 5.1)
      thread_safe (~> 0.3, >= 0.3.4)
      tzinfo (~> 1.1)
    appraisal (0.5.2)
      bundler
      rake
    arel (6.0.4)
    bcrypt-ruby (3.0.1-java)
    builder (3.2.3)
    docile (1.1.5)
    i18n (0.8.1)
    json (2.1.0-java)
    metaclass (0.0.4)
    minitest (5.10.1)
    mocha (0.13.3)
      metaclass (~> 0.0.1)
    rake (10.4.2)
    simplecov (0.14.1)
      docile (~> 1.1.0)
      json (>= 1.8, < 3)
      simplecov-html (~> 0.10.0)
    simplecov-html (0.10.0)
    test-unit (2.5.5)
    test-unit-context (0.5.1)
      test-unit (>= 2.4.0)
    thread_safe (0.3.6-java)
    tzinfo (1.2.3)
      thread_safe (~> 0.1)

PLATFORMS
  java

DEPENDENCIES
  activerecord (~> 4.2.6)
  appraisal (~> 0.5.2)
  bcrypt-ruby (~> 3.0.0)
  mocha (~> 0.13.1)
  mysql2 (< 0.4)
  pg
  rake (~> 10.4.2)
  simplecov
  sqlite3
  test-unit (~> 2.5.4)
  test-unit-context (>= 0.4.0)
  thread_safe

BUNDLED WITH
   1.14.3
